
Microsoft Visual Studio Solution File, Format Version 12.00
# Visual Studio Version 17
VisualStudioVersion = 17.12.35527.113 d17.12
MinimumVisualStudioVersion = 10.0.40219.1
Project("{FAE04EC0-301F-11D3-BF4B-00C04F79EFBC}") = "ReWearAPI", "ReWearAPI\ReWearAPI.csproj", "{769D5D93-96F8-4ED9-8946-6BB1BA99AAAD}"
EndProject
Global
	GlobalSection(SolutionConfigurationPlatforms) = preSolution
		Debug|Any CPU = Debug|Any CPU
		Release|Any CPU = Release|Any CPU
	EndGlobalSection
	GlobalSection(ProjectConfigurationPlatforms) = postSolution
		{769D5D93-96F8-4ED9-8946-6BB1BA99AAAD}.Debug|Any CPU.ActiveCfg = Debug|Any CPU
		{769D5D93-96F8-4ED9-8946-6BB1BA99AAAD}.Debug|Any CPU.Build.0 = Debug|Any CPU
		{769D5D93-96F8-4ED9-8946-6BB1BA99AAAD}.Release|Any CPU.ActiveCfg = Release|Any CPU
		{769D5D93-96F8-4ED9-8946-6BB1BA99AAAD}.Release|Any CPU.Build.0 = Release|Any CPU
	EndGlobalSection
	GlobalSection(SolutionProperties) = preSolution
		HideSolutionNode = FALSE
	EndGlobalSection
EndGlobal
